
Microsoft Visual Studio Solution File, Format Version 12.00
# Visual Studio Version 16
VisualStudioVersion = 16.0.33529.622
MinimumVisualStudioVersion = 10.0.40219.1
Project("{F184B08F-C81C-45F6-A57F-5ABD9991F28F}") = "KeyAuth By MONSTERMC", "KeyAuth By MONSTERMC\KeyAuth By MONSTERMC.vbproj", "{E266E1B4-06F0-449D-9554-4CA54488AB72}"
EndProject
Global
	GlobalSection(SolutionConfigurationPlatforms) = preSolution
		Debug|Any CPU = Debug|Any CPU
		Release|Any CPU = Release|Any CPU
	EndGlobalSection
	GlobalSection(ProjectConfigurationPlatforms) = postSolution
		{E266E1B4-06F0-449D-9554-4CA54488AB72}.Debug|Any CPU.ActiveCfg = Debug|Any CPU
		{E266E1B4-06F0-449D-9554-4CA54488AB72}.Debug|Any CPU.Build.0 = Debug|Any CPU
		{E266E1B4-06F0-449D-9554-4CA54488AB72}.Release|Any CPU.ActiveCfg = Release|Any CPU
		{E266E1B4-06F0-449D-9554-4CA54488AB72}.Release|Any CPU.Build.0 = Release|Any CPU
	EndGlobalSection
	GlobalSection(SolutionProperties) = preSolution
		HideSolutionNode = FALSE
	EndGlobalSection
	GlobalSection(ExtensibilityGlobals) = postSolution
		SolutionGuid = {864BC7B8-B954-4F32-AC92-F9D06B2FBD5F}
	EndGlobalSection
EndGlobal
